
Microsoft Visual Studio Solution File, Format Version 12.00
# Visual Studio Version 17
VisualStudioVersion = 17.6.33723.286
MinimumVisualStudioVersion = 10.0.40219.1
Project("{FAE04EC0-301F-11D3-BF4B-00C04F79EFBC}") = "ArenaDeBatalha.GUI", "ArenaDeBatalha.GUI\ArenaDeBatalha.GUI.csproj", "{D41A57B9-80DD-4E4D-BFA3-78A880B2D622}"
EndProject
Project("{FAE04EC0-301F-11D3-BF4B-00C04F79EFBC}") = "ArenaDeBatala.GameLogic", "ArenaDeBatala.GameLogic\ArenaDeBatala.GameLogic.csproj", "{440D2C33-CFF7-47BA-8F48-6BC01A5832AE}"
EndProject
Global
	GlobalSection(SolutionConfigurationPlatforms) = preSolution
		Debug|Any CPU = Debug|Any CPU
		Release|Any CPU = Release|Any CPU
	EndGlobalSection
	GlobalSection(ProjectConfigurationPlatforms) = postSolution
		{D41A57B9-80DD-4E4D-BFA3-78A880B2D622}.Debug|Any CPU.ActiveCfg = Debug|Any CPU
		{D41A57B9-80DD-4E4D-BFA3-78A880B2D622}.Debug|Any CPU.Build.0 = Debug|Any CPU
		{D41A57B9-80DD-4E4D-BFA3-78A880B2D622}.Release|Any CPU.ActiveCfg = Release|Any CPU
		{D41A57B9-80DD-4E4D-BFA3-78A880B2D622}.Release|Any CPU.Build.0 = Release|Any CPU
		{440D2C33-CFF7-47BA-8F48-6BC01A5832AE}.Debug|Any CPU.ActiveCfg = Debug|Any CPU
		{440D2C33-CFF7-47BA-8F48-6BC01A5832AE}.Debug|Any CPU.Build.0 = Debug|Any CPU
		{440D2C33-CFF7-47BA-8F48-6BC01A5832AE}.Release|Any CPU.ActiveCfg = Release|Any CPU
		{440D2C33-CFF7-47BA-8F48-6BC01A5832AE}.Release|Any CPU.Build.0 = Release|Any CPU
	EndGlobalSection
	GlobalSection(SolutionProperties) = preSolution
		HideSolutionNode = FALSE
	EndGlobalSection
	GlobalSection(ExtensibilityGlobals) = postSolution
		SolutionGuid = {BE3140FA-9DB6-47E6-B574-0D56C1158AC2}
	EndGlobalSection
EndGlobal
